PODS:
  - BigInt (2.1.2):
    - SipHash (~> 1.1)
  - SipHash (1.1.1)

DEPENDENCIES:
  - BigInt (~> 2.1)

SPEC CHECKSUMS:
  BigInt: e4b85b9fef2d5292ad708d08573531c8c96e2bba
  SipHash: d4c3d8808dc849ae26e40dcf38c4aeeb548d0013

PODFILE CHECKSUM: 93c75258a96a6ff87021c54ebe324355566b8a9c

COCOAPODS: 1.1.1
